{
  "nodes": {
    "nixpkgs": {
      "locked": {
        "lastModified": 1767313136,
        "narHash": "sha256-16KkgfdYqjaeRGBaYsNrhPRRENs0qzkQVUooNHtoy2w=",
        "owner": "NixOS",
        "repo": "nixpkgs",
        "rev": "ac62194c3917d5f474c1a844b6fd6da2db95077d",
        "type": "github"
      },
      "original": {
        "owner": "NixOS",
        "ref": "nixos-25.05",
        "repo": "nixpkgs",
        "type": "github"
      }
    },
    "root": {
      "inputs": {
        "nixpkgs": "nixpkgs",
        "sigil-src": "sigil-src"
      }
    },
    "sigil-src": {
      "flake": false,
      "locked": {
        "lastModified": 1772999481,
        "narHash": "sha256-B+3LU/VxY0ziKkdSPQhdyqcpzu01KSlXc1QvQ0YQSs0=",
        "ref": "refs/heads/main",
        "rev": "1e54c777b47a9cc57b876f194d8794cec5c3b3f4",
        "revCount": 65,
        "type": "git",
        "url": "file:///home/nick/workspace/sigil"
      },
      "original": {
        "type": "git",
        "url": "file:///home/nick/workspace/sigil"
      }
    }
  },
  "root": "root",
  "version": 7
}
