{
  "nodes": {
    "nixpkgs": {
      "locked": {
        "lastModified": 1767313136,
        "narHash": "sha256-16KkgfdYqjaeRGBaYsNrhPRRENs0qzkQVUooNHtoy2w=",
        "owner": "NixOS",
        "repo": "nixpkgs",
        "rev": "ac62194c3917d5f474c1a844b6fd6da2db95077d",
        "type": "github"
      },
      "original": {
        "owner": "NixOS",
        "ref": "nixos-25.05",
        "repo": "nixpkgs",
        "type": "github"
      }
    },
    "root": {
      "inputs": {
        "nixpkgs": "nixpkgs",
        "sigil-src": "sigil-src"
      }
    },
    "sigil-src": {
      "flake": false,
      "locked": {
        "lastModified": 1774120899,
        "narHash": "sha256-KbKIQW6rwzB79gSf/X10CF25kzeMsU/PlaVyBZiLMbc=",
        "owner": "sigil-tech",
        "repo": "sigil",
        "rev": "d83e5463bbf1f3d54398a0195ad245294985df55",
        "type": "github"
      },
      "original": {
        "owner": "sigil-tech",
        "repo": "sigil",
        "type": "github"
      }
    }
  },
  "root": "root",
  "version": 7
}
