{
  "nodes": {
    "nixpkgs": {
      "locked": {
        "lastModified": 1767313136,
        "narHash": "sha256-16KkgfdYqjaeRGBaYsNrhPRRENs0qzkQVUooNHtoy2w=",
        "owner": "NixOS",
        "repo": "nixpkgs",
        "rev": "ac62194c3917d5f474c1a844b6fd6da2db95077d",
        "type": "github"
      },
      "original": {
        "owner": "NixOS",
        "ref": "nixos-25.05",
        "repo": "nixpkgs",
        "type": "github"
      }
    },
    "root": {
      "inputs": {
        "nixpkgs": "nixpkgs",
        "sigil-src": "sigil-src"
      }
    },
    "sigil-src": {
      "flake": false,
      "locked": {
        "lastModified": 1772995142,
        "narHash": "sha256-8IdxiDh1gsLcrfzfQh9d+QNsDsjTQYCCgI1LKvlJ1fU=",
        "ref": "refs/heads/main",
        "rev": "d31b8f33b35ea9547920395de73c932bfa321337",
        "revCount": 64,
        "type": "git",
        "url": "file:///home/nick/workspace/sigil"
      },
      "original": {
        "type": "git",
        "url": "file:///home/nick/workspace/sigil"
      }
    }
  },
  "root": "root",
  "version": 7
}
